
Microsoft Visual Studio Solution File, Format Version 11.00
# Visual Studio 2010
Project("{FAE04EC0-301F-11D3-BF4B-00C04F79EFBC}") = "Assembly-CSharp", "Assembly-CSharp.csproj", "{B913B0FA-086E-B6CB-278D-824506D6F6CD}"
EndProject
Project("{FAE04EC0-301F-11D3-BF4B-00C04F79EFBC}") = "Assembly-CSharp-firstpass", "Assembly-CSharp-firstpass.csproj", "{D6010D17-4D03-AAAB-7A6C-25D825DBD03B}"
EndProject
Project("{FAE04EC0-301F-11D3-BF4B-00C04F79EFBC}") = "Assembly-CSharp-Editor-firstpass", "Assembly-CSharp-Editor-firstpass.csproj", "{C0114ED9-7840-ADC4-FD1A-D018CAB8981A}"
EndProject
Project("{FAE04EC0-301F-11D3-BF4B-00C04F79EFBC}") = "Assembly-CSharp-Editor", "Assembly-CSharp-Editor.csproj", "{F192D716-94A0-5E51-632E-89F4BE8CE3F1}"
EndProject
Global
	GlobalSection(SolutionConfigurationPlatforms) = preSolution
		Debug|Any CPU = Debug|Any CPU
		Release|Any CPU = Release|Any CPU
	EndGlobalSection
	GlobalSection(ProjectConfigurationPlatforms) = postSolution
		{B913B0FA-086E-B6CB-278D-824506D6F6CD}.Debug|Any CPU.ActiveCfg = Debug|Any CPU
		{B913B0FA-086E-B6CB-278D-824506D6F6CD}.Debug|Any CPU.Build.0 = Debug|Any CPU
		{B913B0FA-086E-B6CB-278D-824506D6F6CD}.Release|Any CPU.ActiveCfg = Release|Any CPU
		{B913B0FA-086E-B6CB-278D-824506D6F6CD}.Release|Any CPU.Build.0 = Release|Any CPU
		{D6010D17-4D03-AAAB-7A6C-25D825DBD03B}.Debug|Any CPU.ActiveCfg = Debug|Any CPU
		{D6010D17-4D03-AAAB-7A6C-25D825DBD03B}.Debug|Any CPU.Build.0 = Debug|Any CPU
		{D6010D17-4D03-AAAB-7A6C-25D825DBD03B}.Release|Any CPU.ActiveCfg = Release|Any CPU
		{D6010D17-4D03-AAAB-7A6C-25D825DBD03B}.Release|Any CPU.Build.0 = Release|Any CPU
		{C0114ED9-7840-ADC4-FD1A-D018CAB8981A}.Debug|Any CPU.ActiveCfg = Debug|Any CPU
		{C0114ED9-7840-ADC4-FD1A-D018CAB8981A}.Debug|Any CPU.Build.0 = Debug|Any CPU
		{C0114ED9-7840-ADC4-FD1A-D018CAB8981A}.Release|Any CPU.ActiveCfg = Release|Any CPU
		{C0114ED9-7840-ADC4-FD1A-D018CAB8981A}.Release|Any CPU.Build.0 = Release|Any CPU
		{F192D716-94A0-5E51-632E-89F4BE8CE3F1}.Debug|Any CPU.ActiveCfg = Debug|Any CPU
		{F192D716-94A0-5E51-632E-89F4BE8CE3F1}.Debug|Any CPU.Build.0 = Debug|Any CPU
		{F192D716-94A0-5E51-632E-89F4BE8CE3F1}.Release|Any CPU.ActiveCfg = Release|Any CPU
		{F192D716-94A0-5E51-632E-89F4BE8CE3F1}.Release|Any CPU.Build.0 = Release|Any CPU
	EndGlobalSection
	GlobalSection(SolutionProperties) = preSolution
		HideSolutionNode = FALSE
	EndGlobalSection
EndGlobal
