
Microsoft Visual Studio Solution File, Format Version 11.00
# Visual Studio 2010
Project("{FAE04EC0-301F-11D3-BF4B-00C04F79EFBC}") = "Assembly-CSharp", "Assembly-CSharp.csproj", "{B913B0FA-086E-B6CB-278D-824506D6F6CD}"
EndProject
Global
	GlobalSection(SolutionConfigurationPlatforms) = preSolution
		Debug|Any CPU = Debug|Any CPU
		Release|Any CPU = Release|Any CPU
	EndGlobalSection
	GlobalSection(ProjectConfigurationPlatforms) = postSolution
		{B913B0FA-086E-B6CB-278D-824506D6F6CD}.Debug|Any CPU.ActiveCfg = Debug|Any CPU
		{B913B0FA-086E-B6CB-278D-824506D6F6CD}.Debug|Any CPU.Build.0 = Debug|Any CPU
		{B913B0FA-086E-B6CB-278D-824506D6F6CD}.Release|Any CPU.ActiveCfg = Release|Any CPU
		{B913B0FA-086E-B6CB-278D-824506D6F6CD}.Release|Any CPU.Build.0 = Release|Any CPU
	EndGlobalSection
	GlobalSection(SolutionProperties) = preSolution
		HideSolutionNode = FALSE
	EndGlobalSection
EndGlobal
